// !$*UTF8*$!
{
	archiveVersion = 1;
	classes = {
	};
	objectVersion = 48;
	objects = {

/* Begin PBXBuildFile section */
		16AD99C721100C8F0013F6D4 /* AppDelegate.swift in Sources */ = {isa = PBXBuildFile; fileRef = 16AD99C621100C8F0013F6D4 /* AppDelegate.swift */; };
		16AD99C921100C8F0013F6D4 /* ViewController.swift in Sources */ = {isa = PBXBuildFile; fileRef = 16AD99C821100C8F0013F6D4 /* ViewController.swift */; };
		16AD99CC21100C8F0013F6D4 /* Main.storyboard in Resources */ = {isa = PBXBuildFile; fileRef = 16AD99CA21100C8F0013F6D4 /* Main.storyboard */; };
		16AD99CE21100C8F0013F6D4 /* Assets.xcassets in Resources */ = {isa = PBXBuildFile; fileRef = 16AD99CD21100C8F0013F6D4 /* Assets.xcassets */; };
		16AD99D121100C8F0013F6D4 /* LaunchScreen.storyboard in Resources */ = {isa = PBXBuildFile; fileRef = 16AD99CF21100C8F0013F6D4 /* LaunchScreen.storyboard */; };
		16AD99DC21100C8F0013F6D4 /* FirstAppTests.swift in Sources */ = {isa = PBXBuildFile; fileRef = 16AD99DB21100C8F0013F6D4 /* FirstAppTests.swift */; };
		16AD99E721100C8F0013F6D4 /* FirstAppUITests.swift in Sources */ = {isa = PBXBuildFile; fileRef = 16AD99E621100C8F0013F6D4 /* FirstAppUITests.swift */; };
/* End PBXBuildFile section */

/* Begin PBXContainerItemProxy section */
		16AD99D821100C8F0013F6D4 /* PBXContainerItemProxy */ = {
			isa = PBXContainerItemProxy;
			containerPortal = 16AD99BB21100C8F0013F6D4 /* Project object */;
			proxyType = 1;
			remoteGlobalIDString = 16AD99C221100C8F0013F6D4;
			remoteInfo = FirstApp;
		};
		16AD99E321100C8F0013F6D4 /* PBXContainerItemProxy */ = {
			isa = PBXContainerItemProxy;
			containerPortal = 16AD99BB21100C8F0013F6D4 /* Project object */;
			proxyType = 1;
			remoteGlobalIDString = 16AD99C221100C8F0013F6D4;
			remoteInfo = FirstApp;
		};
/* End PBXContainerItemProxy section */

/* Begin PBXFileReference section */
		16AD99C321100C8F0013F6D4 /* FirstApp.app */ = {isa = PBXFileReference; explicitFileType = wrapper.application; includeInIndex = 0; path = FirstApp.app; sourceTree = BUILT_PRODUCTS_DIR; };
		16AD99C621100C8F0013F6D4 /* AppDelegate.swift */ = {isa = PBXFileReference; lastKnownFileType = sourcecode.swift; path = AppDelegate.swift; sourceTree = "<group>"; };
		16AD99C821100C8F0013F6D4 /* ViewController.swift */ = {isa = PBXFileReference; lastKnownFileType = sourcecode.swift; path = ViewController.swift; sourceTree = "<group>"; };
		16AD99CB21100C8F0013F6D4 /* Base */ = {isa = PBXFileReference; lastKnownFileType = file.storyboard; name = Base; path = Base.lproj/Main.storyboard; sourceTree = "<group>"; };
		16AD99CD21100C8F0013F6D4 /* Assets.xcassets */ = {isa = PBXFileReference; lastKnownFileType = folder.assetcatalog; path = Assets.xcassets; sourceTree = "<group>"; };
		16AD99D021100C8F0013F6D4 /* Base */ = {isa = PBXFileReference; lastKnownFileType = file.storyboard; name = Base; path = Base.lproj/LaunchScreen.storyboard; sourceTree = "<group>"; };
		16AD99D221100C8F0013F6D4 /* Info.plist */ = {isa = PBXFileReference; lastKnownFileType = text.plist.xml; path = Info.plist; sourceTree = "<group>"; };
		16AD99D721100C8F0013F6D4 /* FirstAppTests.xctest */ = {isa = PBXFileReference; explicitFileType = wrapper.cfbundle; includeInIndex = 0; path = FirstAppTests.xctest; sourceTree = BUILT_PRODUCTS_DIR; };
		16AD99DB21100C8F0013F6D4 /* FirstAppTests.swift */ = {isa = PBXFileReference; lastKnownFileType = sourcecode.swift; path = FirstAppTests.swift; sourceTree = "<group>"; };
		16AD99DD21100C8F0013F6D4 /* Info.plist */ = {isa = PBXFileReference; lastKnownFileType = text.plist.xml; path = Info.plist; sourceTree = "<group>"; };
		16AD99E221100C8F0013F6D4 /* FirstAppUITests.xctest */ = {isa = PBXFileReference; explicitFileType = wrapper.cfbundle; includeInIndex = 0; path = FirstAppUITests.xctest; sourceTree = BUILT_PRODUCTS_DIR; };
		16AD99E621100C8F0013F6D4 /* FirstAppUITests.swift */ = {isa = PBXFileReference; lastKnownFileType = sourcecode.swift; path = FirstAppUITests.swift; sourceTree = "<group>"; };
		16AD99E821100C8F0013F6D4 /* Info.plist */ = {isa = PBXFileReference; lastKnownFileType = text.plist.xml; path = Info.plist; sourceTree = "<group>"; };
/* End PBXFileReference section */

/* Begin PBXFrameworksBuildPhase section */
		16AD99C021100C8F0013F6D4 /* Frameworks */ = {
			isa = PBXFrameworksBuildPhase;
			buildActionMask = 2147483647;
			files = (
			);
			runOnlyForDeploymentPostprocessing = 0;
		};
		16AD99D421100C8F0013F6D4 /* Frameworks */ = {
			isa = PBXFrameworksBuildPhase;
			buildActionMask = 2147483647;
			files = (
			);
			runOnlyForDeploymentPostprocessing = 0;
		};
		16AD99DF21100C8F0013F6D4 /* Frameworks */ = {
			isa = PBXFrameworksBuildPhase;
			buildActionMask = 2147483647;
			files = (
			);
			runOnlyForDeploymentPostprocessing = 0;
		};
/* End PBXFrameworksBuildPhase section */

/* Begin PBXGroup section */
		16AD99BA21100C8F0013F6D4 = {
			isa = PBXGroup;
			children = (
				16AD99C521100C8F0013F6D4 /* FirstApp */,
				16AD99DA21100C8F0013F6D4 /* FirstAppTests */,
				16AD99E521100C8F0013F6D4 /* FirstAppUITests */,
				16AD99C421100C8F0013F6D4 /* Products */,
			);
			sourceTree = "<group>";
		};
		16AD99C421100C8F0013F6D4 /* Products */ = {
			isa = PBXGroup;
			children = (
				16AD99C321100C8F0013F6D4 /* FirstApp.app */,
				16AD99D721100C8F0013F6D4 /* FirstAppTests.xctest */,
				16AD99E221100C8F0013F6D4 /* FirstAppUITests.xctest */,
			);
			name = Products;
			sourceTree = "<group>";
		};
		16AD99C521100C8F0013F6D4 /* FirstApp */ = {
			isa = PBXGroup;
			children = (
				16AD99C621100C8F0013F6D4 /* AppDelegate.swift */,
				16AD99C821100C8F0013F6D4 /* ViewController.swift */,
				16AD99CA21100C8F0013F6D4 /* Main.storyboard */,
				16AD99CD21100C8F0013F6D4 /* Assets.xcassets */,
				16AD99CF21100C8F0013F6D4 /* LaunchScreen.storyboard */,
				16AD99D221100C8F0013F6D4 /* Info.plist */,
			);
			path = FirstApp;
			sourceTree = "<group>";
		};
		16AD99DA21100C8F0013F6D4 /* FirstAppTests */ = {
			isa = PBXGroup;
			children = (
				16AD99DB21100C8F0013F6D4 /* FirstAppTests.swift */,
				16AD99DD21100C8F0013F6D4 /* Info.plist */,
			);
			path = FirstAppTests;
			sourceTree = "<group>";
		};
		16AD99E521100C8F0013F6D4 /* FirstAppUITests */ = {
			isa = PBXGroup;
			children = (
				16AD99E621100C8F0013F6D4 /* FirstAppUITests.swift */,
				16AD99E821100C8F0013F6D4 /* Info.plist */,
			);
			path = FirstAppUITests;
			sourceTree = "<group>";
		};
/* End PBXGroup section */

/* Begin PBXNativeTarget section */
		16AD99C221100C8F0013F6D4 /* FirstApp */ = {
			isa = PBXNativeTarget;
			buildConfigurationList = 16AD99EB21100C8F0013F6D4 /* Build configuration list for PBXNativeTarget "FirstApp" */;
			buildPhases = (
				16AD99BF21100C8F0013F6D4 /* Sources */,
				16AD99C021100C8F0013F6D4 /* Frameworks */,
				16AD99C121100C8F0013F6D4 /* Resources */,
			);
			buildRules = (
			);
			dependencies = (
			);
			name = FirstApp;
			productName = FirstApp;
			productReference = 16AD99C321100C8F0013F6D4 /* FirstApp.app */;
			productType = "com.apple.product-type.application";
		};
		16AD99D621100C8F0013F6D4 /* FirstAppTests */ = {
			isa = PBXNativeTarget;
			buildConfigurationList = 16AD99EE21100C8F0013F6D4 /* Build configuration list for PBXNativeTarget "FirstAppTests" */;
			buildPhases = (
				16AD99D321100C8F0013F6D4 /* Sources */,
				16AD99D421100C8F0013F6D4 /* Frameworks */,
				16AD99D521100C8F0013F6D4 /* Resources */,
			);
			buildRules = (
			);
			dependencies = (
				16AD99D921100C8F0013F6D4 /* PBXTargetDependency */,
			);
			name = FirstAppTests;
			productName = FirstAppTests;
			productReference = 16AD99D721100C8F0013F6D4 /* FirstAppTests.xctest */;
			productType = "com.apple.product-type.bundle.unit-test";
		};
		16AD99E121100C8F0013F6D4 /* FirstAppUITests */ = {
			isa = PBXNativeTarget;
			buildConfigurationList = 16AD99F121100C8F0013F6D4 /* Build configuration list for PBXNativeTarget "FirstAppUITests" */;
			buildPhases = (
				16AD99DE21100C8F0013F6D4 /* Sources */,
				16AD99DF21100C8F0013F6D4 /* Frameworks */,
				16AD99E021100C8F0013F6D4 /* Resources */,
			);
			buildRules = (
			);
			dependencies = (
				16AD99E421100C8F0013F6D4 /* PBXTargetDependency */,
			);
			name = FirstAppUITests;
			productName = FirstAppUITests;
			productReference = 16AD99E221100C8F0013F6D4 /* FirstAppUITests.xctest */;
			productType = "com.apple.product-type.bundle.ui-testing";
		};
/* End PBXNativeTarget section */

/* Begin PBXProject section */
		16AD99BB21100C8F0013F6D4 /* Project object */ = {
			isa = PBXProject;
			attributes = {
				LastSwiftUpdateCheck = 0920;
				LastUpgradeCheck = 0920;
				ORGANIZATIONNAME = "Maurice-School";
				TargetAttributes = {
					16AD99C221100C8F0013F6D4 = {
						CreatedOnToolsVersion = 9.2;
						ProvisioningStyle = Automatic;
					};
					16AD99D621100C8F0013F6D4 = {
						CreatedOnToolsVersion = 9.2;
						ProvisioningStyle = Automatic;
						TestTargetID = 16AD99C221100C8F0013F6D4;
					};
					16AD99E121100C8F0013F6D4 = {
						CreatedOnToolsVersion = 9.2;
						ProvisioningStyle = Automatic;
						TestTargetID = 16AD99C221100C8F0013F6D4;
					};
				};
			};
			buildConfigurationList = 16AD99BE21100C8F0013F6D4 /* Build configuration list for PBXProject "FirstApp" */;
			compatibilityVersion = "Xcode 8.0";
			developmentRegion = en;
			hasScannedForEncodings = 0;
			knownRegions = (
				en,
				Base,
			);
			mainGroup = 16AD99BA21100C8F0013F6D4;
			productRefGroup = 16AD99C421100C8F0013F6D4 /* Products */;
			projectDirPath = "";
			projectRoot = "";
			targets = (
				16AD99C221100C8F0013F6D4 /* FirstApp */,
				16AD99D621100C8F0013F6D4 /* FirstAppTests */,
				16AD99E121100C8F0013F6D4 /* FirstAppUITests */,
			);
		};
/* End PBXProject section */

/* Begin PBXResourcesBuildPhase section */
		16AD99C121100C8F0013F6D4 /* Resources */ = {
			isa = PBXResourcesBuildPhase;
			buildActionMask = 2147483647;
			files = (
				16AD99D121100C8F0013F6D4 /* LaunchScreen.storyboard in Resources */,
				16AD99CE21100C8F0013F6D4 /* Assets.xcassets in Resources */,
				16AD99CC21100C8F0013F6D4 /* Main.storyboard in Resources */,
			);
			runOnlyForDeploymentPostprocessing = 0;
		};
		16AD99D521100C8F0013F6D4 /* Resources */ = {
			isa = PBXResourcesBuildPhase;
			buildActionMask = 2147483647;
			files = (
			);
			runOnlyForDeploymentPostprocessing = 0;
		};
		16AD99E021100C8F0013F6D4 /* Resources */ = {
			isa = PBXResourcesBuildPhase;
			buildActionMask = 2147483647;
			files = (
			);
			runOnlyForDeploymentPostprocessing = 0;
		};
/* End PBXResourcesBuildPhase section */

/* Begin PBXSourcesBuildPhase section */
		16AD99BF21100C8F0013F6D4 /* Sources */ = {
			isa = PBXSourcesBuildPhase;
			buildActionMask = 2147483647;
			files = (
				16AD99C921100C8F0013F6D4 /* ViewController.swift in Sources */,
				16AD99C721100C8F0013F6D4 /* AppDelegate.swift in Sources */,
			);
			runOnlyForDeploymentPostprocessing = 0;
		};
		16AD99D321100C8F0013F6D4 /* Sources */ = {
			isa = PBXSourcesBuildPhase;
			buildActionMask = 2147483647;
			files = (
				16AD99DC21100C8F0013F6D4 /* FirstAppTests.swift in Sources */,
			);
			runOnlyForDeploymentPostprocessing = 0;
		};
		16AD99DE21100C8F0013F6D4 /* Sources */ = {
			isa = PBXSourcesBuildPhase;
			buildActionMask = 2147483647;
			files = (
				16AD99E721100C8F0013F6D4 /* FirstAppUITests.swift in Sources */,
			);
			runOnlyForDeploymentPostprocessing = 0;
		};
/* End PBXSourcesBuildPhase section */

/* Begin PBXTargetDependency section */
		16AD99D921100C8F0013F6D4 /* PBXTargetDependency */ = {
			isa = PBXTargetDependency;
			target = 16AD99C221100C8F0013F6D4 /* FirstApp */;
			targetProxy = 16AD99D821100C8F0013F6D4 /* PBXContainerItemProxy */;
		};
		16AD99E421100C8F0013F6D4 /* PBXTargetDependency */ = {
			isa = PBXTargetDependency;
			target = 16AD99C221100C8F0013F6D4 /* FirstApp */;
			targetProxy = 16AD99E321100C8F0013F6D4 /* PBXContainerItemProxy */;
		};
/* End PBXTargetDependency section */

/* Begin PBXVariantGroup section */
		16AD99CA21100C8F0013F6D4 /* Main.storyboard */ = {
			isa = PBXVariantGroup;
			children = (
				16AD99CB21100C8F0013F6D4 /* Base */,
			);
			name = Main.storyboard;
			sourceTree = "<group>";
		};
		16AD99CF21100C8F0013F6D4 /* LaunchScreen.storyboard */ = {
			isa = PBXVariantGroup;
			children = (
				16AD99D021100C8F0013F6D4 /* Base */,
			);
			name = LaunchScreen.storyboard;
			sourceTree = "<group>";
		};
/* End PBXVariantGroup section */

/* Begin XCBuildConfiguration section */
		16AD99E921100C8F0013F6D4 /* Debug */ = {
			isa = XCBuildConfiguration;
			buildSettings = {
				ALWAYS_SEARCH_USER_PATHS = NO;
				CLANG_ANALYZER_NONNULL = YES;
				CLANG_ANALYZER_NUMBER_OBJECT_CONVERSION = YES_AGGRESSIVE;
				CLANG_CXX_LANGUAGE_STANDARD = "gnu++14";
				CLANG_CXX_LIBRARY = "libc++";
				CLANG_ENABLE_MODULES = YES;
				CLANG_ENABLE_OBJC_ARC = YES;
				CLANG_WARN_BLOCK_CAPTURE_AUTORELEASING = YES;
				CLANG_WARN_BOOL_CONVERSION = YES;
				CLANG_WARN_COMMA = YES;
				CLANG_WARN_CONSTANT_CONVERSION = YES;
				CLANG_WARN_DIRECT_OBJC_ISA_USAGE = YES_ERROR;
				CLANG_WARN_DOCUMENTATION_COMMENTS = YES;
				CLANG_WARN_EMPTY_BODY = YES;
				CLANG_WARN_ENUM_CONVERSION = YES;
				CLANG_WARN_INFINITE_RECURSION = YES;
				CLANG_WARN_INT_CONVERSION = YES;
				CLANG_WARN_NON_LITERAL_NULL_CONVERSION = YES;
				CLANG_WARN_OBJC_LITERAL_CONVERSION = YES;
				CLANG_WARN_OBJC_ROOT_CLASS = YES_ERROR;
				CLANG_WARN_RANGE_LOOP_ANALYSIS = YES;
				CLANG_WARN_STRICT_PROTOTYPES = YES;
				CLANG_WARN_SUSPICIOUS_MOVE = YES;
				CLANG_WARN_UNGUARDED_AVAILABILITY = YES_AGGRESSIVE;
				CLANG_WARN_UNREACHABLE_CODE = YES;
				CLANG_WARN__DUPLICATE_METHOD_MATCH = YES;
				CODE_SIGN_IDENTITY = "iPhone Developer";
				COPY_PHASE_STRIP = NO;
				DEBUG_INFORMATION_FORMAT = dwarf;
				ENABLE_STRICT_OBJC_MSGSEND = YES;
				ENABLE_TESTABILITY = YES;
				GCC_C_LANGUAGE_STANDARD = gnu11;
				GCC_DYNAMIC_NO_PIC = NO;
				GCC_NO_COMMON_BLOCKS = YES;
				GCC_OPTIMIZATION_LEVEL = 0;
				GCC_PREPROCESSOR_DEFINITIONS = (
					"DEBUG=1",
					"$(inherited)",
				);
				GCC_WARN_64_TO_32_BIT_CONVERSION = YES;
				GCC_WARN_ABOUT_RETURN_TYPE = YES_ERROR;
				GCC_WARN_UNDECLARED_SELECTOR = YES;
				GCC_WARN_UNINITIALIZED_AUTOS = YES_AGGRESSIVE;
				GCC_WARN_UNUSED_FUNCTION = YES;
				GCC_WARN_UNUSED_VARIABLE = YES;
				IPHONEOS_DEPLOYMENT_TARGET = 11.2;
				MTL_ENABLE_DEBUG_INFO = YES;
				ONLY_ACTIVE_ARCH = YES;
				SDKROOT = iphoneos;
				SWIFT_ACTIVE_COMPILATION_CONDITIONS = DEBUG;
				SWIFT_OPTIMIZATION_LEVEL = "-Onone";
			};
			name = Debug;
		};
		16AD99EA21100C8F0013F6D4 /* Release */ = {
			isa = XCBuildConfiguration;
			buildSettings = {
				ALWAYS_SEARCH_USER_PATHS = NO;
				CLANG_ANALYZER_NONNULL = YES;
				CLANG_ANALYZER_NUMBER_OBJECT_CONVERSION = YES_AGGRESSIVE;
				CLANG_CXX_LANGUAGE_STANDARD = "gnu++14";
				CLANG_CXX_LIBRARY = "libc++";
				CLANG_ENABLE_MODULES = YES;
				CLANG_ENABLE_OBJC_ARC = YES;
				CLANG_WARN_BLOCK_CAPTURE_AUTORELEASING = YES;
				CLANG_WARN_BOOL_CONVERSION = YES;
				CLANG_WARN_COMMA = YES;
				CLANG_WARN_CONSTANT_CONVERSION = YES;
				CLANG_WARN_DIRECT_OBJC_ISA_USAGE = YES_ERROR;
				CLANG_WARN_DOCUMENTATION_COMMENTS = YES;
				CLANG_WARN_EMPTY_BODY = YES;
				CLANG_WARN_ENUM_CONVERSION = YES;
				CLANG_WARN_INFINITE_RECURSION = YES;
				CLANG_WARN_INT_CONVERSION = YES;
				CLANG_WARN_NON_LITERAL_NULL_CONVERSION = YES;
				CLANG_WARN_OBJC_LITERAL_CONVERSION = YES;
				CLANG_WARN_OBJC_ROOT_CLASS = YES_ERROR;
				CLANG_WARN_RANGE_LOOP_ANALYSIS = YES;
				CLANG_WARN_STRICT_PROTOTYPES = YES;
				CLANG_WARN_SUSPICIOUS_MOVE = YES;
				CLANG_WARN_UNGUARDED_AVAILABILITY = YES_AGGRESSIVE;
				CLANG_WARN_UNREACHABLE_CODE = YES;
				CLANG_WARN__DUPLICATE_METHOD_MATCH = YES;
				CODE_SIGN_IDENTITY = "iPhone Developer";
				COPY_PHASE_STRIP = NO;
				DEBUG_INFORMATION_FORMAT = "dwarf-with-dsym";
				ENABLE_NS_ASSERTIONS = NO;
				ENABLE_STRICT_OBJC_MSGSEND = YES;
				GCC_C_LANGUAGE_STANDARD = gnu11;
				GCC_NO_COMMON_BLOCKS = YES;
				GCC_WARN_64_TO_32_BIT_CONVERSION = YES;
				GCC_WARN_ABOUT_RETURN_TYPE = YES_ERROR;
				GCC_WARN_UNDECLARED_SELECTOR = YES;
				GCC_WARN_UNINITIALIZED_AUTOS = YES_AGGRESSIVE;
				GCC_WARN_UNUSED_FUNCTION = YES;
				GCC_WARN_UNUSED_VARIABLE = YES;
				IPHONEOS_DEPLOYMENT_TARGET = 11.2;
				MTL_ENABLE_DEBUG_INFO = NO;
				SDKROOT = iphoneos;
				SWIFT_OPTIMIZATION_LEVEL = "-Owholemodule";
				VALIDATE_PRODUCT = YES;
			};
			name = Release;
		};
		16AD99EC21100C8F0013F6D4 /* Debug */ = {
			isa = XCBuildConfiguration;
			buildSettings = {
				ASSETCATALOG_COMPILER_APPICON_NAME = AppIcon;
				CODE_SIGN_STYLE = Automatic;
				DEVELOPMENT_TEAM = UCSMQXA45V;
				INFOPLIST_FILE = FirstApp/Info.plist;
				LD_RUNPATH_SEARCH_PATHS = "$(inherited) @executable_path/Frameworks";
				PRODUCT_BUNDLE_IDENTIFIER = "Maurice-School.FirstApp";
				PRODUCT_NAME = "$(TARGET_NAME)";
				SWIFT_VERSION = 4.0;
				TARGETED_DEVICE_FAMILY = "1,2";
			};
			name = Debug;
		};
		16AD99ED21100C8F0013F6D4 /* Release */ = {
			isa = XCBuildConfiguration;
			buildSettings = {
				ASSETCATALOG_COMPILER_APPICON_NAME = AppIcon;
				CODE_SIGN_STYLE = Automatic;
				DEVELOPMENT_TEAM = UCSMQXA45V;
				INFOPLIST_FILE = FirstApp/Info.plist;
				LD_RUNPATH_SEARCH_PATHS = "$(inherited) @executable_path/Frameworks";
				PRODUCT_BUNDLE_IDENTIFIER = "Maurice-School.FirstApp";
				PRODUCT_NAME = "$(TARGET_NAME)";
				SWIFT_VERSION = 4.0;
				TARGETED_DEVICE_FAMILY = "1,2";
			};
			name = Release;
		};
		16AD99EF21100C8F0013F6D4 /* Debug */ = {
			isa = XCBuildConfiguration;
			buildSettings = {
				ALWAYS_EMBED_SWIFT_STANDARD_LIBRARIES = YES;
				BUNDLE_LOADER = "$(TEST_HOST)";
				CODE_SIGN_STYLE = Automatic;
				DEVELOPMENT_TEAM = UCSMQXA45V;
				INFOPLIST_FILE = FirstAppTests/Info.plist;
				LD_RUNPATH_SEARCH_PATHS = "$(inherited) @executable_path/Frameworks @loader_path/Frameworks";
				PRODUCT_BUNDLE_IDENTIFIER = "Maurice-School.FirstAppTests";
				PRODUCT_NAME = "$(TARGET_NAME)";
				SWIFT_VERSION = 4.0;
				TARGETED_DEVICE_FAMILY = "1,2";
				TEST_HOST = "$(BUILT_PRODUCTS_DIR)/FirstApp.app/FirstApp";
			};
			name = Debug;
		};
		16AD99F021100C8F0013F6D4 /* Release */ = {
			isa = XCBuildConfiguration;
			buildSettings = {
				ALWAYS_EMBED_SWIFT_STANDARD_LIBRARIES = YES;
				BUNDLE_LOADER = "$(TEST_HOST)";
				CODE_SIGN_STYLE = Automatic;
				DEVELOPMENT_TEAM = UCSMQXA45V;
				INFOPLIST_FILE = FirstAppTests/Info.plist;
				LD_RUNPATH_SEARCH_PATHS = "$(inherited) @executable_path/Frameworks @loader_path/Frameworks";
				PRODUCT_BUNDLE_IDENTIFIER = "Maurice-School.FirstAppTests";
				PRODUCT_NAME = "$(TARGET_NAME)";
				SWIFT_VERSION = 4.0;
				TARGETED_DEVICE_FAMILY = "1,2";
				TEST_HOST = "$(BUILT_PRODUCTS_DIR)/FirstApp.app/FirstApp";
			};
			name = Release;
		};
		16AD99F221100C8F0013F6D4 /* Debug */ = {
			isa = XCBuildConfiguration;
			buildSettings = {
				ALWAYS_EMBED_SWIFT_STANDARD_LIBRARIES = YES;
				CODE_SIGN_STYLE = Automatic;
				DEVELOPMENT_TEAM = UCSMQXA45V;
				INFOPLIST_FILE = FirstAppUITests/Info.plist;
				LD_RUNPATH_SEARCH_PATHS = "$(inherited) @executable_path/Frameworks @loader_path/Frameworks";
				PRODUCT_BUNDLE_IDENTIFIER = "Maurice-School.FirstAppUITests";
				PRODUCT_NAME = "$(TARGET_NAME)";
				SWIFT_VERSION = 4.0;
				TARGETED_DEVICE_FAMILY = "1,2";
				TEST_TARGET_NAME = FirstApp;
			};
			name = Debug;
		};
		16AD99F321100C8F0013F6D4 /* Release */ = {
			isa = XCBuildConfiguration;
			buildSettings = {
				ALWAYS_EMBED_SWIFT_STANDARD_LIBRARIES = YES;
				CODE_SIGN_STYLE = Automatic;
				DEVELOPMENT_TEAM = UCSMQXA45V;
				INFOPLIST_FILE = FirstAppUITests/Info.plist;
				LD_RUNPATH_SEARCH_PATHS = "$(inherited) @executable_path/Frameworks @loader_path/Frameworks";
				PRODUCT_BUNDLE_IDENTIFIER = "Maurice-School.FirstAppUITests";
				PRODUCT_NAME = "$(TARGET_NAME)";
				SWIFT_VERSION = 4.0;
				TARGETED_DEVICE_FAMILY = "1,2";
				TEST_TARGET_NAME = FirstApp;
			};
			name = Release;
		};
/* End XCBuildConfiguration section */

/* Begin XCConfigurationList section */
		16AD99BE21100C8F0013F6D4 /* Build configuration list for PBXProject "FirstApp" */ = {
			isa = XCConfigurationList;
			buildConfigurations = (
				16AD99E921100C8F0013F6D4 /* Debug */,
				16AD99EA21100C8F0013F6D4 /* Release */,
			);
			defaultConfigurationIsVisible = 0;
			defaultConfigurationName = Release;
		};
		16AD99EB21100C8F0013F6D4 /* Build configuration list for PBXNativeTarget "FirstApp" */ = {
			isa = XCConfigurationList;
			buildConfigurations = (
				16AD99EC21100C8F0013F6D4 /* Debug */,
				16AD99ED21100C8F0013F6D4 /* Release */,
			);
			defaultConfigurationIsVisible = 0;
			defaultConfigurationName = Release;
		};
		16AD99EE21100C8F0013F6D4 /* Build configuration list for PBXNativeTarget "FirstAppTests" */ = {
			isa = XCConfigurationList;
			buildConfigurations = (
				16AD99EF21100C8F0013F6D4 /* Debug */,
				16AD99F021100C8F0013F6D4 /* Release */,
			);
			defaultConfigurationIsVisible = 0;
			defaultConfigurationName = Release;
		};
		16AD99F121100C8F0013F6D4 /* Build configuration list for PBXNativeTarget "FirstAppUITests" */ = {
			isa = XCConfigurationList;
			buildConfigurations = (
				16AD99F221100C8F0013F6D4 /* Debug */,
				16AD99F321100C8F0013F6D4 /* Release */,
			);
			defaultConfigurationIsVisible = 0;
			defaultConfigurationName = Release;
		};
/* End XCConfigurationList section */
	};
	rootObject = 16AD99BB21100C8F0013F6D4 /* Project object */;
}
